
Microsoft Visual Studio Solution File, Format Version 12.00
# Visual Studio Version 16
VisualStudioVersion = 16.0.31005.135
MinimumVisualStudioVersion = 10.0.40219.1
Project("{9A19103F-16F7-4668-BE54-9A1E7A4F7556}") = "PricesObserver", "PricesObserver.csproj", "{CE37B817-33B3-4187-869D-F453503D8A43}"
EndProject
Project("{FAE04EC0-301F-11D3-BF4B-00C04F79EFBC}") = "PriceObserverUnitTests", "..\PriceObserverUnitTests\PriceObserverUnitTests.csproj", "{02475C56-E82A-41F2-965E-EFF37F2AEF06}"
EndProject
Global
	GlobalSection(SolutionConfigurationPlatforms) = preSolution
		Debug|Any CPU = Debug|Any CPU
		Release|Any CPU = Release|Any CPU
	EndGlobalSection
	GlobalSection(ProjectConfigurationPlatforms) = postSolution
		{CE37B817-33B3-4187-869D-F453503D8A43}.Debug|Any CPU.ActiveCfg = Debug|Any CPU
		{CE37B817-33B3-4187-869D-F453503D8A43}.Debug|Any CPU.Build.0 = Debug|Any CPU
		{CE37B817-33B3-4187-869D-F453503D8A43}.Release|Any CPU.ActiveCfg = Release|Any CPU
		{CE37B817-33B3-4187-869D-F453503D8A43}.Release|Any CPU.Build.0 = Release|Any CPU
		{02475C56-E82A-41F2-965E-EFF37F2AEF06}.Debug|Any CPU.ActiveCfg = Debug|Any CPU
		{02475C56-E82A-41F2-965E-EFF37F2AEF06}.Debug|Any CPU.Build.0 = Debug|Any CPU
		{02475C56-E82A-41F2-965E-EFF37F2AEF06}.Release|Any CPU.ActiveCfg = Release|Any CPU
		{02475C56-E82A-41F2-965E-EFF37F2AEF06}.Release|Any CPU.Build.0 = Release|Any CPU
	EndGlobalSection
	GlobalSection(SolutionProperties) = preSolution
		HideSolutionNode = FALSE
	EndGlobalSection
	GlobalSection(ExtensibilityGlobals) = postSolution
		SolutionGuid = {1BF4F1AE-FDFA-469E-9B39-4B1EA286B2DD}
	EndGlobalSection
EndGlobal
